
Microsoft Visual Studio Solution File, Format Version 12.00
# Visual Studio Version 17
VisualStudioVersion = 17.12.35707.178
MinimumVisualStudioVersion = 10.0.40219.1
Project("{8BC9CEB8-8B4A-11D0-8D11-00A0C91BC942}") = "tests", "tests\tests.vcxproj", "{C04BCA33-10D8-4066-A136-10774E086775}"
EndProject
Project("{8BC9CEB8-8B4A-11D0-8D11-00A0C91BC942}") = "version_expression_evaluator", "version_expression_evaluator\version_expression_evaluator.vcxproj", "{010D76E7-0E03-47B5-B3C3-9A0AFD172819}"
EndProject
Global
	GlobalSection(SolutionConfigurationPlatforms) = preSolution
		Debug|x64 = Debug|x64
		Debug|x86 = Debug|x86
		Release|x64 = Release|x64
		Release|x86 = Release|x86
	EndGlobalSection
	GlobalSection(ProjectConfigurationPlatforms) = postSolution
		{C04BCA33-10D8-4066-A136-10774E086775}.Debug|x64.ActiveCfg = Debug|x64
		{C04BCA33-10D8-4066-A136-10774E086775}.Debug|x64.Build.0 = Debug|x64
		{C04BCA33-10D8-4066-A136-10774E086775}.Debug|x86.ActiveCfg = Debug|Win32
		{C04BCA33-10D8-4066-A136-10774E086775}.Debug|x86.Build.0 = Debug|Win32
		{C04BCA33-10D8-4066-A136-10774E086775}.Release|x64.ActiveCfg = Release|x64
		{C04BCA33-10D8-4066-A136-10774E086775}.Release|x64.Build.0 = Release|x64
		{C04BCA33-10D8-4066-A136-10774E086775}.Release|x86.ActiveCfg = Release|Win32
		{C04BCA33-10D8-4066-A136-10774E086775}.Release|x86.Build.0 = Release|Win32
		{010D76E7-0E03-47B5-B3C3-9A0AFD172819}.Debug|x64.ActiveCfg = Debug|x64
		{010D76E7-0E03-47B5-B3C3-9A0AFD172819}.Debug|x64.Build.0 = Debug|x64
		{010D76E7-0E03-47B5-B3C3-9A0AFD172819}.Debug|x86.ActiveCfg = Debug|Win32
		{010D76E7-0E03-47B5-B3C3-9A0AFD172819}.Debug|x86.Build.0 = Debug|Win32
		{010D76E7-0E03-47B5-B3C3-9A0AFD172819}.Release|x64.ActiveCfg = Release|x64
		{010D76E7-0E03-47B5-B3C3-9A0AFD172819}.Release|x64.Build.0 = Release|x64
		{010D76E7-0E03-47B5-B3C3-9A0AFD172819}.Release|x86.ActiveCfg = Release|Win32
		{010D76E7-0E03-47B5-B3C3-9A0AFD172819}.Release|x86.Build.0 = Release|Win32
	EndGlobalSection
	GlobalSection(SolutionProperties) = preSolution
		HideSolutionNode = FALSE
	EndGlobalSection
EndGlobal
